
Microsoft Visual Studio Solution File, Format Version 12.00
# Visual Studio Version 17
VisualStudioVersion = 17.3.32804.467
MinimumVisualStudioVersion = 10.0.40219.1
Project("{FAE04EC0-301F-11D3-BF4B-00C04F79EFBC}") = "FastChicken", "FastChicken.csproj", "{42748982-9102-42C1-9868-1E23C81E0823}"
EndProject
Global
	GlobalSection(SolutionConfigurationPlatforms) = preSolution
		Debug|Any CPU = Debug|Any CPU
		Release|Any CPU = Release|Any CPU
	EndGlobalSection
	GlobalSection(ProjectConfigurationPlatforms) = postSolution
		{42748982-9102-42C1-9868-1E23C81E0823}.Debug|Any CPU.ActiveCfg = Debug|Any CPU
		{42748982-9102-42C1-9868-1E23C81E0823}.Debug|Any CPU.Build.0 = Debug|Any CPU
		{42748982-9102-42C1-9868-1E23C81E0823}.Release|Any CPU.ActiveCfg = Release|Any CPU
		{42748982-9102-42C1-9868-1E23C81E0823}.Release|Any CPU.Build.0 = Release|Any CPU
	EndGlobalSection
	GlobalSection(SolutionProperties) = preSolution
		HideSolutionNode = FALSE
	EndGlobalSection
	GlobalSection(ExtensibilityGlobals) = postSolution
		SolutionGuid = {90DF4FB1-64E7-4FEB-B9E2-9F7C7C2FD347}
	EndGlobalSection
EndGlobal
